
Microsoft Visual Studio Solution File, Format Version 12.00
# Visual Studio Version 16
VisualStudioVersion = 16.0.31112.23
MinimumVisualStudioVersion = 10.0.40219.1
Project("{FAE04EC0-301F-11D3-BF4B-00C04F79EFBC}") = "Lesson1", "Lesson1\Lesson1.csproj", "{79A0F58A-3C04-440A-9449-DABF6D3AAADA}"
EndProject
Global
	GlobalSection(SolutionConfigurationPlatforms) = preSolution
		Debug|Any CPU = Debug|Any CPU
		Release|Any CPU = Release|Any CPU
	EndGlobalSection
	GlobalSection(ProjectConfigurationPlatforms) = postSolution
		{79A0F58A-3C04-440A-9449-DABF6D3AAADA}.Debug|Any CPU.ActiveCfg = Debug|Any CPU
		{79A0F58A-3C04-440A-9449-DABF6D3AAADA}.Debug|Any CPU.Build.0 = Debug|Any CPU
		{79A0F58A-3C04-440A-9449-DABF6D3AAADA}.Release|Any CPU.ActiveCfg = Release|Any CPU
		{79A0F58A-3C04-440A-9449-DABF6D3AAADA}.Release|Any CPU.Build.0 = Release|Any CPU
	EndGlobalSection
	GlobalSection(SolutionProperties) = preSolution
		HideSolutionNode = FALSE
	EndGlobalSection
	GlobalSection(ExtensibilityGlobals) = postSolution
		SolutionGuid = {39D5EDCD-2733-4E2F-8DE7-273EB5995D09}
	EndGlobalSection
EndGlobal
